{
  "version": 4,
  "terraform_version": "1.0.6",
  "serial": 8,
  "lineage": "b8577e47-ed2e-7133-93bf-88b232f5ced6",
  "outputs": {
    "kubernetes_cluster_host": {
      "value": "34.136.37.12",
      "type": "string"
    },
    "kubernetes_cluster_name": {
      "value": "acid-hello-world-gke",
      "type": "string"
    },
    "project_id": {
      "value": "acid-hello-world",
      "type": "string"
    },
    "region": {
      "value": "us-central1",
      "type": "string"
    },
    "service_url": {
      "value": "https://app-4tzsj5rgna-uc.a.run.app",
      "type": "string"
    }
  },
  "resources": [
    {
      "mode": "managed",
      "type": "google_cloud_run_service",
      "name": "run_service",
      "provider": "provider[\"registry.terraform.io/hashicorp/google\"]",
      "instances": [
        {
          "schema_version": 1,
          "attributes": {
            "autogenerate_revision_name": false,
            "id": "locations/us-central1/namespaces/acid-hello-world/services/app",
            "location": "us-central1",
            "metadata": [
              {
                "annotations": {
                  "run.googleapis.com/ingress": "all",
                  "run.googleapis.com/ingress-status": "all",
                  "serving.knative.dev/creator": "javier.ignacio.pi.paredes@gmail.com",
                  "serving.knative.dev/lastModifier": "javier.ignacio.pi.paredes@gmail.com"
                },
                "generation": 1,
                "labels": {
                  "cloud.googleapis.com/location": "us-central1"
                },
                "namespace": "acid-hello-world",
                "resource_version": "AAXLRJqHavo",
                "self_link": "/apis/serving.knative.dev/v1/namespaces/1047676217855/services/app",
                "uid": "0d2c68f3-1cd2-4e3b-850d-11a401e9986e"
              }
            ],
            "name": "app",
            "project": "acid-hello-world",
            "status": [
              {
                "conditions": [
                  {
                    "message": "",
                    "reason": "",
                    "status": "True",
                    "type": "Ready"
                  },
                  {
                    "message": "",
                    "reason": "",
                    "status": "True",
                    "type": "ConfigurationsReady"
                  },
                  {
                    "message": "",
                    "reason": "",
                    "status": "True",
                    "type": "RoutesReady"
                  }
                ],
                "latest_created_revision_name": "app-885c5",
                "latest_ready_revision_name": "app-885c5",
                "observed_generation": 1,
                "url": "https://app-4tzsj5rgna-uc.a.run.app"
              }
            ],
            "template": [
              {
                "metadata": [
                  {
                    "annotations": {
                      "autoscaling.knative.dev/maxScale": "100"
                    },
                    "generation": 0,
                    "labels": {},
                    "name": "",
                    "namespace": "",
                    "resource_version": "",
                    "self_link": "",
                    "uid": ""
                  }
                ],
                "spec": [
                  {
                    "container_concurrency": 80,
                    "containers": [
                      {
                        "args": null,
                        "command": null,
                        "env": [],
                        "env_from": [],
                        "image": "gcr.io/google-samples/hello-app:1.0",
                        "ports": [
                          {
                            "container_port": 8080,
                            "name": "http1",
                            "protocol": ""
                          }
                        ],
                        "resources": [
                          {
                            "limits": {
                              "cpu": "1000m",
                              "memory": "512Mi"
                            },
                            "requests": {}
                          }
                        ],
                        "working_dir": ""
                      }
                    ],
                    "service_account_name": "",
                    "serving_state": "",
                    "timeout_seconds": 300
                  }
                ]
              }
            ],
            "timeouts": null,
            "traffic": [
              {
                "latest_revision": true,
                "percent": 100,
                "revision_name": ""
              }
            ]
          },
          "sensitive_attributes": [],
          "private": "eyJlMmJmYjczMC1lY2FhLTExZTYtOGY4OC0zNDM2M2JjN2M0YzAiOnsiY3JlYXRlIjozNjAwMDAwMDAwMDAsImRlbGV0ZSI6MjQwMDAwMDAwMDAwLCJ1cGRhdGUiOjkwMDAwMDAwMDAwMH0sInNjaGVtYV92ZXJzaW9uIjoiMSJ9",
          "dependencies": [
            "google_project_service.run_api"
          ]
        }
      ]
    },
    {
      "mode": "managed",
      "type": "google_cloud_run_service_iam_member",
      "name": "run_all_users",
      "provider": "provider[\"registry.terraform.io/hashicorp/google\"]",
      "instances": [
        {
          "schema_version": 0,
          "attributes": {
            "condition": [],
            "etag": "BwXLRJr1VAg=",
            "id": "v1/projects/acid-hello-world/locations/us-central1/services/app/roles/run.invoker/allusers",
            "location": "us-central1",
            "member": "allUsers",
            "project": "acid-hello-world",
            "role": "roles/run.invoker",
            "service": "v1/projects/acid-hello-world/locations/us-central1/services/app"
          },
          "sensitive_attributes": [],
          "private": "bnVsbA==",
          "dependencies": [
            "google_cloud_run_service.run_service",
            "google_project_service.run_api"
          ]
        }
      ]
    },
    {
      "mode": "managed",
      "type": "google_compute_network",
      "name": "vpc",
      "provider": "provider[\"registry.terraform.io/hashicorp/google\"]",
      "instances": [
        {
          "schema_version": 0,
          "attributes": {
            "auto_create_subnetworks": false,
            "delete_default_routes_on_create": false,
            "description": "",
            "gateway_ipv4": "",
            "id": "projects/acid-hello-world/global/networks/acid-hello-world-vpc",
            "mtu": 0,
            "name": "acid-hello-world-vpc",
            "project": "acid-hello-world",
            "routing_mode": "REGIONAL",
            "self_link": "https://www.googleapis.com/compute/v1/projects/acid-hello-world/global/networks/acid-hello-world-vpc",
            "timeouts": null
          },
          "sensitive_attributes": [],
          "private": "eyJlMmJmYjczMC1lY2FhLTExZTYtOGY4OC0zNDM2M2JjN2M0YzAiOnsiY3JlYXRlIjoyNDAwMDAwMDAwMDAsImRlbGV0ZSI6MjQwMDAwMDAwMDAwLCJ1cGRhdGUiOjI0MDAwMDAwMDAwMH19"
        }
      ]
    },
    {
      "mode": "managed",
      "type": "google_compute_subnetwork",
      "name": "subnet",
      "provider": "provider[\"registry.terraform.io/hashicorp/google\"]",
      "instances": [
        {
          "schema_version": 0,
          "attributes": {
            "creation_timestamp": "2021-09-05T12:31:29.298-07:00",
            "description": "",
            "fingerprint": null,
            "gateway_address": "10.10.0.1",
            "id": "projects/acid-hello-world/regions/us-central1/subnetworks/acid-hello-world-subnet",
            "ip_cidr_range": "10.10.0.0/24",
            "log_config": [],
            "name": "acid-hello-world-subnet",
            "network": "https://www.googleapis.com/compute/v1/projects/acid-hello-world/global/networks/acid-hello-world-vpc",
            "private_ip_google_access": false,
            "private_ipv6_google_access": "DISABLE_GOOGLE_ACCESS",
            "project": "acid-hello-world",
            "region": "us-central1",
            "secondary_ip_range": [],
            "self_link": "https://www.googleapis.com/compute/v1/projects/acid-hello-world/regions/us-central1/subnetworks/acid-hello-world-subnet",
            "timeouts": null
          },
          "sensitive_attributes": [],
          "private": "eyJlMmJmYjczMC1lY2FhLTExZTYtOGY4OC0zNDM2M2JjN2M0YzAiOnsiY3JlYXRlIjozNjAwMDAwMDAwMDAsImRlbGV0ZSI6MzYwMDAwMDAwMDAwLCJ1cGRhdGUiOjM2MDAwMDAwMDAwMH19",
          "dependencies": [
            "google_compute_network.vpc"
          ]
        }
      ]
    },
    {
      "mode": "managed",
      "type": "google_container_cluster",
      "name": "primary",
      "provider": "provider[\"registry.terraform.io/hashicorp/google\"]",
      "instances": [
        {
          "schema_version": 1,
          "attributes": {
            "addons_config": [
              {
                "cloudrun_config": [],
                "horizontal_pod_autoscaling": [],
                "http_load_balancing": [],
                "network_policy_config": [
                  {
                    "disabled": true
                  }
                ]
              }
            ],
            "authenticator_groups_config": [],
            "cluster_autoscaling": [
              {
                "auto_provisioning_defaults": [],
                "enabled": false,
                "resource_limits": []
              }
            ],
            "cluster_ipv4_cidr": "10.76.0.0/14",
            "database_encryption": [
              {
                "key_name": "",
                "state": "DECRYPTED"
              }
            ],
            "default_max_pods_per_node": null,
            "description": "",
            "enable_binary_authorization": false,
            "enable_intranode_visibility": null,
            "enable_kubernetes_alpha": false,
            "enable_legacy_abac": false,
            "enable_shielded_nodes": false,
            "enable_tpu": null,
            "endpoint": "34.136.37.12",
            "id": "projects/acid-hello-world/locations/us-central1/clusters/acid-hello-world-gke",
            "initial_node_count": 1,
            "instance_group_urls": [],
            "ip_allocation_policy": [],
            "label_fingerprint": "a9dc16a7",
            "location": "us-central1",
            "logging_service": "logging.googleapis.com/kubernetes",
            "maintenance_policy": [],
            "master_auth": [
              {
                "client_certificate": "",
                "client_certificate_config": [
                  {
                    "issue_client_certificate": false
                  }
                ],
                "client_key": "",
                "cluster_ca_certificate": "LS0tLS1CRUdJTiBDRVJUSUZJQ0FURS0tLS0tCk1JSURLakNDQWhLZ0F3SUJBZ0lRWWN2bWRLZ1FFYXZNUy8zMHMrUzZUREFOQmdrcWhraUc5dzBCQVFzRkFEQXYKTVMwd0t3WURWUVFERXlSbFpqSm1NbVV5TWkwMllUQmhMVFJtWmpFdFlUWXhZeTA0WkRWbU16VmhPREl5TVdRdwpIaGNOTWpFd09UQTFNVGd6TVRReldoY05Nall3T1RBME1Ua3pNVFF6V2pBdk1TMHdLd1lEVlFRREV5UmxaakptCk1tVXlNaTAyWVRCaExUUm1aakV0WVRZeFl5MDRaRFZtTXpWaE9ESXlNV1F3Z2dFaU1BMEdDU3FHU0liM0RRRUIKQVFVQUE0SUJEd0F3Z2dFS0FvSUJBUURmOHJVVWdjWExlSDJCWk1ZKzlEdkkzb004MFQwLzZBQTdYN0dnQnBTTAprb3hHdXM5Unc4Q1NNQy9Wc1pVUjlkU3p6RlVwVHZ4c3MwekFNZUErUi9xTUVSYzZxV1RlZ0RqbFZDaWVuWWI0CmlFSW4zRE5sRS9uMFZmUjZxOVpiZlBSZFNmeE9LcU9wTmZCRlNDb0JGSWd6NEp4RU14dTJDVXNON1JVYU9GUzcKUi9NUkl3UCtCaEtvRHNiQit3UXJNWGZ6bk9md1V0bVhQMzFZY2oxaEdLN0toM25WOHBaaVRmOUJHdzVOeklqMwoxSDRXaVZnR0dsUkl0cmRUc2JlTzlQeUdtVFhQRzFjQnN0c05vUEk5TmdXV0RHeWdsUHBpMENqaXhyM0wyZWRrClRTa3JvQ1VPSmxmNjR0MnVUTndKTVE1cTMxQmJvNzlzRXEzMHVadlVGZHRqQWdNQkFBR2pRakJBTUE0R0ExVWQKRHdFQi93UUVBd0lDQkRBUEJnTlZIUk1CQWY4RUJUQURBUUgvTUIwR0ExVWREZ1FXQkJTcU9tK1d5MUNiVmFRawpkWDdnMGMvWEt3Skw3VEFOQmdrcWhraUc5dzBCQVFzRkFBT0NBUUVBbGpLaUw2V1l0N21zVjJ4S2I4ei9zNXI1CnV3Z2lYQlBjNXQ4RUZZS1kzRktibG1kblVtWFdMSS9nU0s0Nm5neThXZHZHcmNKTkk5UTlPMGNzemVUK2ZaR0kKOGV4Slp2VUNTbHhVWGh0YUNuUnpxY2NFRDdmc09kOGRLSjg1Ym5RU1dKSkhWVUJCTm50R1FIVmVBcUNKbXRsRQpsVnVxcU56WlBoblhIcENwNHNsbktQNCtFTFMzc243NXkvRWZ0K09zd0dRY29nZUdNc0pyeXpjWDBBRmpVMW5yCmx0Sitsd296bzBSVjZ6dGZnT2N2N0xLRExvL3BRUE9CaHdtUm44RmcrMytYYXBBYUVnYnR5Mm9TNnovMkVzcHoKcXZzSEQ2dzdDbUkydVBneFZPMXNqRE4rbFRjQ0c4eWZsNjVRTldwSnA4N3NCRlgwTmJJcU9qUGR2VWRJaVE9PQotLS0tLUVORCBDRVJUSUZJQ0FURS0tLS0tCg==",
                "password": "",
                "username": ""
              }
            ],
            "master_authorized_networks_config": [],
            "master_version": "1.20.8-gke.2100",
            "min_master_version": null,
            "monitoring_service": "monitoring.googleapis.com/kubernetes",
            "name": "acid-hello-world-gke",
            "network": "projects/acid-hello-world/global/networks/acid-hello-world-vpc",
            "network_policy": [
              {
                "enabled": false,
                "provider": "PROVIDER_UNSPECIFIED"
              }
            ],
            "node_config": [],
            "node_locations": [
              "us-central1-a",
              "us-central1-c",
              "us-central1-f"
            ],
            "node_pool": [],
            "node_version": "1.20.8-gke.2100",
            "operation": null,
            "pod_security_policy_config": [],
            "private_cluster_config": [],
            "project": "acid-hello-world",
            "release_channel": [
              {
                "channel": "REGULAR"
              }
            ],
            "remove_default_node_pool": true,
            "resource_labels": null,
            "resource_usage_export_config": [],
            "self_link": "https://container.googleapis.com/v1beta1/projects/acid-hello-world/locations/us-central1/clusters/acid-hello-world-gke",
            "services_ipv4_cidr": "10.79.240.0/20",
            "subnetwork": "projects/acid-hello-world/regions/us-central1/subnetworks/acid-hello-world-subnet",
            "timeouts": null,
            "vertical_pod_autoscaling": [],
            "workload_identity_config": []
          },
          "sensitive_attributes": [],
          "private": "eyJlMmJmYjczMC1lY2FhLTExZTYtOGY4OC0zNDM2M2JjN2M0YzAiOnsiY3JlYXRlIjoyNDAwMDAwMDAwMDAwLCJkZWxldGUiOjI0MDAwMDAwMDAwMDAsInJlYWQiOjI0MDAwMDAwMDAwMDAsInVwZGF0ZSI6MzYwMDAwMDAwMDAwMH0sInNjaGVtYV92ZXJzaW9uIjoiMSJ9",
          "dependencies": [
            "google_compute_network.vpc",
            "google_compute_subnetwork.subnet"
          ]
        }
      ]
    },
    {
      "mode": "managed",
      "type": "google_container_node_pool",
      "name": "primary_nodes",
      "provider": "provider[\"registry.terraform.io/hashicorp/google\"]",
      "instances": [
        {
          "schema_version": 1,
          "attributes": {
            "autoscaling": [],
            "cluster": "acid-hello-world-gke",
            "id": "projects/acid-hello-world/locations/us-central1/clusters/acid-hello-world-gke/nodePools/acid-hello-world-gke-node-pool",
            "initial_node_count": 2,
            "instance_group_urls": [
              "https://www.googleapis.com/compute/v1/projects/acid-hello-world/zones/us-central1-a/instanceGroupManagers/gke-acid-hello-world-acid-hello-world-04cc88c3-grp",
              "https://www.googleapis.com/compute/v1/projects/acid-hello-world/zones/us-central1-c/instanceGroupManagers/gke-acid-hello-world-acid-hello-world-5eb0a68a-grp",
              "https://www.googleapis.com/compute/v1/projects/acid-hello-world/zones/us-central1-f/instanceGroupManagers/gke-acid-hello-world-acid-hello-world-2e4241c4-grp"
            ],
            "location": "us-central1",
            "management": [
              {
                "auto_repair": true,
                "auto_upgrade": true
              }
            ],
            "max_pods_per_node": null,
            "name": "acid-hello-world-gke-node-pool",
            "name_prefix": "",
            "node_config": [
              {
                "disk_size_gb": 100,
                "disk_type": "pd-standard",
                "guest_accelerator": [],
                "image_type": "COS_CONTAINERD",
                "labels": {
                  "env": "acid-hello-world"
                },
                "local_ssd_count": 0,
                "machine_type": "n1-standard-1",
                "metadata": {
                  "disable-legacy-endpoints": "true"
                },
                "min_cpu_platform": "",
                "oauth_scopes": [
                  "https://www.googleapis.com/auth/logging.write",
                  "https://www.googleapis.com/auth/monitoring"
                ],
                "preemptible": false,
                "service_account": "default",
                "shielded_instance_config": [
                  {
                    "enable_integrity_monitoring": true,
                    "enable_secure_boot": false
                  }
                ],
                "tags": [
                  "gke-node",
                  "acid-hello-world-gke"
                ],
                "taint": [],
                "workload_metadata_config": []
              }
            ],
            "node_count": 2,
            "node_locations": [
              "us-central1-a",
              "us-central1-c",
              "us-central1-f"
            ],
            "project": "acid-hello-world",
            "timeouts": null,
            "upgrade_settings": [
              {
                "max_surge": 1,
                "max_unavailable": 0
              }
            ],
            "version": "1.20.8-gke.2100"
          },
          "sensitive_attributes": [],
          "private": "eyJlMmJmYjczMC1lY2FhLTExZTYtOGY4OC0zNDM2M2JjN2M0YzAiOnsiY3JlYXRlIjoxODAwMDAwMDAwMDAwLCJkZWxldGUiOjE4MDAwMDAwMDAwMDAsInVwZGF0ZSI6MTgwMDAwMDAwMDAwMH0sInNjaGVtYV92ZXJzaW9uIjoiMSJ9",
          "dependencies": [
            "google_compute_network.vpc",
            "google_compute_subnetwork.subnet",
            "google_container_cluster.primary"
          ]
        }
      ]
    },
    {
      "mode": "managed",
      "type": "google_project_service",
      "name": "run_api",
      "provider": "provider[\"registry.terraform.io/hashicorp/google\"]",
      "instances": [
        {
          "schema_version": 0,
          "attributes": {
            "disable_dependent_services": null,
            "disable_on_destroy": true,
            "id": "acid-hello-world/run.googleapis.com",
            "project": "acid-hello-world",
            "service": "run.googleapis.com",
            "timeouts": null
          },
          "sensitive_attributes": [],
          "private": "eyJlMmJmYjczMC1lY2FhLTExZTYtOGY4OC0zNDM2M2JjN2M0YzAiOnsiY3JlYXRlIjoxMjAwMDAwMDAwMDAwLCJkZWxldGUiOjEyMDAwMDAwMDAwMDAsInJlYWQiOjYwMDAwMDAwMDAwMCwidXBkYXRlIjoxMjAwMDAwMDAwMDAwfX0="
        }
      ]
    }
  ]
}
